
Microsoft Visual Studio Solution File, Format Version 12.00
# Visual Studio Version 17
VisualStudioVersion = 17.9.34728.123
MinimumVisualStudioVersion = 10.0.40219.1
Project("{8BC9CEB8-8B4A-11D0-8D11-00A0C91BC942}") = "№4", "№4\№4.vcxproj", "{68FB4F4C-E865-428F-A0BD-C79E51805051}"
EndProject
Project("{8BC9CEB8-8B4A-11D0-8D11-00A0C91BC942}") = "№3.1", "№3.1\№3.1.vcxproj", "{98768B4C-8DFA-4CE2-B232-EE2DDD274250}"
EndProject
Project("{8BC9CEB8-8B4A-11D0-8D11-00A0C91BC942}") = "№3.2", "№3.2\№3.2.vcxproj", "{E2D927E7-26A9-4FC0-831B-7467282000E9}"
EndProject
Project("{8BC9CEB8-8B4A-11D0-8D11-00A0C91BC942}") = "№5.1", "№5.1\№5.1.vcxproj", "{12E9CED7-BFC7-43EE-BC23-A150744F7F38}"
EndProject
Project("{8BC9CEB8-8B4A-11D0-8D11-00A0C91BC942}") = "№5.2", "№5.2\№5.2.vcxproj", "{A5EFEAB9-F767-4B93-86C0-1F855F19BA66}"
EndProject
Project("{8BC9CEB8-8B4A-11D0-8D11-00A0C91BC942}") = "№6", "№6\№6.vcxproj", "{C9DAE814-053C-4BF4-A031-08C180E5F465}"
EndProject
Project("{8BC9CEB8-8B4A-11D0-8D11-00A0C91BC942}") = "№1.1", "№1.1\№1.1.vcxproj", "{85D3C347-3BBD-4CAE-BCDA-04247FA207E8}"
EndProject
Project("{8BC9CEB8-8B4A-11D0-8D11-00A0C91BC942}") = "№1.2.1", "№1.2\№1.2.vcxproj", "{F5830286-FF0E-4B7D-80B4-72ED3DBBBCCF}"
EndProject
Project("{8BC9CEB8-8B4A-11D0-8D11-00A0C91BC942}") = "№1.2.2", "№1.2.2\№1.2.2.vcxproj", "{36AE0A6F-9A5A-4E26-970C-DC2A072FD789}"
EndProject
Project("{8BC9CEB8-8B4A-11D0-8D11-00A0C91BC942}") = "№1.4", "№1.4\№1.4.vcxproj", "{B171E1D8-DFB1-4A38-82F8-2EC56D5C5E22}"
EndProject
Project("{8BC9CEB8-8B4A-11D0-8D11-00A0C91BC942}") = "№1.4.2", "№1.4.2\№1.4.2.vcxproj", "{702F612F-FC89-450B-8D45-EBEB1CEA2107}"
EndProject
Project("{8BC9CEB8-8B4A-11D0-8D11-00A0C91BC942}") = "№1.5.1", "№1.5.1\№1.5.1.vcxproj", "{2B009649-9296-4F59-A0D9-39AD083BF967}"
EndProject
Project("{8BC9CEB8-8B4A-11D0-8D11-00A0C91BC942}") = "№1.5.2", "№1.5.2\№1.5.2.vcxproj", "{FAA98645-5EFD-4C55-B641-4FFEABC9FB04}"
EndProject
Project("{8BC9CEB8-8B4A-11D0-8D11-00A0C91BC942}") = "№2.1", "№2.1\№2.1.vcxproj", "{3F15F0B4-46A7-4ABF-BF0E-FFE0F4660FA9}"
EndProject
Project("{8BC9CEB8-8B4A-11D0-8D11-00A0C91BC942}") = "№2.2", "№2.2\№2.2.vcxproj", "{36DA78FE-EDB8-473A-BFCE-473D54EB4F7B}"
EndProject
Project("{8BC9CEB8-8B4A-11D0-8D11-00A0C91BC942}") = "№2.3", "№2.3\№2.3.vcxproj", "{5C27BC68-2681-45F3-8EF4-732B242DE1B3}"
EndProject
Project("{8BC9CEB8-8B4A-11D0-8D11-00A0C91BC942}") = "№2.4", "№2.4\№2.4.vcxproj", "{D9E069A5-CD76-470C-B743-C44C53CDE403}"
EndProject
Project("{8BC9CEB8-8B4A-11D0-8D11-00A0C91BC942}") = "№2.6", "№2.6\№2.6.vcxproj", "{0B882504-AB9B-484C-AB49-5C53ADCC644D}"
EndProject
Global
	GlobalSection(SolutionConfigurationPlatforms) = preSolution
		Debug|x64 = Debug|x64
		Debug|x86 = Debug|x86
		Release|x64 = Release|x64
		Release|x86 = Release|x86
	EndGlobalSection
	GlobalSection(ProjectConfigurationPlatforms) = postSolution
		{68FB4F4C-E865-428F-A0BD-C79E51805051}.Debug|x64.ActiveCfg = Debug|x64
		{68FB4F4C-E865-428F-A0BD-C79E51805051}.Debug|x64.Build.0 = Debug|x64
		{68FB4F4C-E865-428F-A0BD-C79E51805051}.Debug|x86.ActiveCfg = Debug|Win32
		{68FB4F4C-E865-428F-A0BD-C79E51805051}.Debug|x86.Build.0 = Debug|Win32
		{68FB4F4C-E865-428F-A0BD-C79E51805051}.Release|x64.ActiveCfg = Release|x64
		{68FB4F4C-E865-428F-A0BD-C79E51805051}.Release|x64.Build.0 = Release|x64
		{68FB4F4C-E865-428F-A0BD-C79E51805051}.Release|x86.ActiveCfg = Release|Win32
		{68FB4F4C-E865-428F-A0BD-C79E51805051}.Release|x86.Build.0 = Release|Win32
		{98768B4C-8DFA-4CE2-B232-EE2DDD274250}.Debug|x64.ActiveCfg = Debug|x64
		{98768B4C-8DFA-4CE2-B232-EE2DDD274250}.Debug|x64.Build.0 = Debug|x64
		{98768B4C-8DFA-4CE2-B232-EE2DDD274250}.Debug|x86.ActiveCfg = Debug|Win32
		{98768B4C-8DFA-4CE2-B232-EE2DDD274250}.Debug|x86.Build.0 = Debug|Win32
		{98768B4C-8DFA-4CE2-B232-EE2DDD274250}.Release|x64.ActiveCfg = Release|x64
		{98768B4C-8DFA-4CE2-B232-EE2DDD274250}.Release|x64.Build.0 = Release|x64
		{98768B4C-8DFA-4CE2-B232-EE2DDD274250}.Release|x86.ActiveCfg = Release|Win32
		{98768B4C-8DFA-4CE2-B232-EE2DDD274250}.Release|x86.Build.0 = Release|Win32
		{E2D927E7-26A9-4FC0-831B-7467282000E9}.Debug|x64.ActiveCfg = Debug|x64
		{E2D927E7-26A9-4FC0-831B-7467282000E9}.Debug|x64.Build.0 = Debug|x64
		{E2D927E7-26A9-4FC0-831B-7467282000E9}.Debug|x86.ActiveCfg = Debug|Win32
		{E2D927E7-26A9-4FC0-831B-7467282000E9}.Debug|x86.Build.0 = Debug|Win32
		{E2D927E7-26A9-4FC0-831B-7467282000E9}.Release|x64.ActiveCfg = Release|x64
		{E2D927E7-26A9-4FC0-831B-7467282000E9}.Release|x64.Build.0 = Release|x64
		{E2D927E7-26A9-4FC0-831B-7467282000E9}.Release|x86.ActiveCfg = Release|Win32
		{E2D927E7-26A9-4FC0-831B-7467282000E9}.Release|x86.Build.0 = Release|Win32
		{12E9CED7-BFC7-43EE-BC23-A150744F7F38}.Debug|x64.ActiveCfg = Debug|x64
		{12E9CED7-BFC7-43EE-BC23-A150744F7F38}.Debug|x64.Build.0 = Debug|x64
		{12E9CED7-BFC7-43EE-BC23-A150744F7F38}.Debug|x86.ActiveCfg = Debug|Win32
		{12E9CED7-BFC7-43EE-BC23-A150744F7F38}.Debug|x86.Build.0 = Debug|Win32
		{12E9CED7-BFC7-43EE-BC23-A150744F7F38}.Release|x64.ActiveCfg = Release|x64
		{12E9CED7-BFC7-43EE-BC23-A150744F7F38}.Release|x64.Build.0 = Release|x64
		{12E9CED7-BFC7-43EE-BC23-A150744F7F38}.Release|x86.ActiveCfg = Release|Win32
		{12E9CED7-BFC7-43EE-BC23-A150744F7F38}.Release|x86.Build.0 = Release|Win32
		{A5EFEAB9-F767-4B93-86C0-1F855F19BA66}.Debug|x64.ActiveCfg = Debug|x64
		{A5EFEAB9-F767-4B93-86C0-1F855F19BA66}.Debug|x64.Build.0 = Debug|x64
		{A5EFEAB9-F767-4B93-86C0-1F855F19BA66}.Debug|x86.ActiveCfg = Debug|Win32
		{A5EFEAB9-F767-4B93-86C0-1F855F19BA66}.Debug|x86.Build.0 = Debug|Win32
		{A5EFEAB9-F767-4B93-86C0-1F855F19BA66}.Release|x64.ActiveCfg = Release|x64
		{A5EFEAB9-F767-4B93-86C0-1F855F19BA66}.Release|x64.Build.0 = Release|x64
		{A5EFEAB9-F767-4B93-86C0-1F855F19BA66}.Release|x86.ActiveCfg = Release|Win32
		{A5EFEAB9-F767-4B93-86C0-1F855F19BA66}.Release|x86.Build.0 = Release|Win32
		{C9DAE814-053C-4BF4-A031-08C180E5F465}.Debug|x64.ActiveCfg = Debug|x64
		{C9DAE814-053C-4BF4-A031-08C180E5F465}.Debug|x64.Build.0 = Debug|x64
		{C9DAE814-053C-4BF4-A031-08C180E5F465}.Debug|x86.ActiveCfg = Debug|Win32
		{C9DAE814-053C-4BF4-A031-08C180E5F465}.Debug|x86.Build.0 = Debug|Win32
		{C9DAE814-053C-4BF4-A031-08C180E5F465}.Release|x64.ActiveCfg = Release|x64
		{C9DAE814-053C-4BF4-A031-08C180E5F465}.Release|x64.Build.0 = Release|x64
		{C9DAE814-053C-4BF4-A031-08C180E5F465}.Release|x86.ActiveCfg = Release|Win32
		{C9DAE814-053C-4BF4-A031-08C180E5F465}.Release|x86.Build.0 = Release|Win32
		{85D3C347-3BBD-4CAE-BCDA-04247FA207E8}.Debug|x64.ActiveCfg = Debug|x64
		{85D3C347-3BBD-4CAE-BCDA-04247FA207E8}.Debug|x64.Build.0 = Debug|x64
		{85D3C347-3BBD-4CAE-BCDA-04247FA207E8}.Debug|x86.ActiveCfg = Debug|Win32
		{85D3C347-3BBD-4CAE-BCDA-04247FA207E8}.Debug|x86.Build.0 = Debug|Win32
		{85D3C347-3BBD-4CAE-BCDA-04247FA207E8}.Release|x64.ActiveCfg = Release|x64
		{85D3C347-3BBD-4CAE-BCDA-04247FA207E8}.Release|x64.Build.0 = Release|x64
		{85D3C347-3BBD-4CAE-BCDA-04247FA207E8}.Release|x86.ActiveCfg = Release|Win32
		{85D3C347-3BBD-4CAE-BCDA-04247FA207E8}.Release|x86.Build.0 = Release|Win32
		{F5830286-FF0E-4B7D-80B4-72ED3DBBBCCF}.Debug|x64.ActiveCfg = Debug|x64
		{F5830286-FF0E-4B7D-80B4-72ED3DBBBCCF}.Debug|x64.Build.0 = Debug|x64
		{F5830286-FF0E-4B7D-80B4-72ED3DBBBCCF}.Debug|x86.ActiveCfg = Debug|Win32
		{F5830286-FF0E-4B7D-80B4-72ED3DBBBCCF}.Debug|x86.Build.0 = Debug|Win32
		{F5830286-FF0E-4B7D-80B4-72ED3DBBBCCF}.Release|x64.ActiveCfg = Release|x64
		{F5830286-FF0E-4B7D-80B4-72ED3DBBBCCF}.Release|x64.Build.0 = Release|x64
		{F5830286-FF0E-4B7D-80B4-72ED3DBBBCCF}.Release|x86.ActiveCfg = Release|Win32
		{F5830286-FF0E-4B7D-80B4-72ED3DBBBCCF}.Release|x86.Build.0 = Release|Win32
		{36AE0A6F-9A5A-4E26-970C-DC2A072FD789}.Debug|x64.ActiveCfg = Debug|x64
		{36AE0A6F-9A5A-4E26-970C-DC2A072FD789}.Debug|x64.Build.0 = Debug|x64
		{36AE0A6F-9A5A-4E26-970C-DC2A072FD789}.Debug|x86.ActiveCfg = Debug|Win32
		{36AE0A6F-9A5A-4E26-970C-DC2A072FD789}.Debug|x86.Build.0 = Debug|Win32
		{36AE0A6F-9A5A-4E26-970C-DC2A072FD789}.Release|x64.ActiveCfg = Release|x64
		{36AE0A6F-9A5A-4E26-970C-DC2A072FD789}.Release|x64.Build.0 = Release|x64
		{36AE0A6F-9A5A-4E26-970C-DC2A072FD789}.Release|x86.ActiveCfg = Release|Win32
		{36AE0A6F-9A5A-4E26-970C-DC2A072FD789}.Release|x86.Build.0 = Release|Win32
		{B171E1D8-DFB1-4A38-82F8-2EC56D5C5E22}.Debug|x64.ActiveCfg = Debug|x64
		{B171E1D8-DFB1-4A38-82F8-2EC56D5C5E22}.Debug|x64.Build.0 = Debug|x64
		{B171E1D8-DFB1-4A38-82F8-2EC56D5C5E22}.Debug|x86.ActiveCfg = Debug|Win32
		{B171E1D8-DFB1-4A38-82F8-2EC56D5C5E22}.Debug|x86.Build.0 = Debug|Win32
		{B171E1D8-DFB1-4A38-82F8-2EC56D5C5E22}.Release|x64.ActiveCfg = Release|x64
		{B171E1D8-DFB1-4A38-82F8-2EC56D5C5E22}.Release|x64.Build.0 = Release|x64
		{B171E1D8-DFB1-4A38-82F8-2EC56D5C5E22}.Release|x86.ActiveCfg = Release|Win32
		{B171E1D8-DFB1-4A38-82F8-2EC56D5C5E22}.Release|x86.Build.0 = Release|Win32
		{702F612F-FC89-450B-8D45-EBEB1CEA2107}.Debug|x64.ActiveCfg = Debug|x64
		{702F612F-FC89-450B-8D45-EBEB1CEA2107}.Debug|x64.Build.0 = Debug|x64
		{702F612F-FC89-450B-8D45-EBEB1CEA2107}.Debug|x86.ActiveCfg = Debug|Win32
		{702F612F-FC89-450B-8D45-EBEB1CEA2107}.Debug|x86.Build.0 = Debug|Win32
		{702F612F-FC89-450B-8D45-EBEB1CEA2107}.Release|x64.ActiveCfg = Release|x64
		{702F612F-FC89-450B-8D45-EBEB1CEA2107}.Release|x64.Build.0 = Release|x64
		{702F612F-FC89-450B-8D45-EBEB1CEA2107}.Release|x86.ActiveCfg = Release|Win32
		{702F612F-FC89-450B-8D45-EBEB1CEA2107}.Release|x86.Build.0 = Release|Win32
		{2B009649-9296-4F59-A0D9-39AD083BF967}.Debug|x64.ActiveCfg = Debug|x64
		{2B009649-9296-4F59-A0D9-39AD083BF967}.Debug|x64.Build.0 = Debug|x64
		{2B009649-9296-4F59-A0D9-39AD083BF967}.Debug|x86.ActiveCfg = Debug|Win32
		{2B009649-9296-4F59-A0D9-39AD083BF967}.Debug|x86.Build.0 = Debug|Win32
		{2B009649-9296-4F59-A0D9-39AD083BF967}.Release|x64.ActiveCfg = Release|x64
		{2B009649-9296-4F59-A0D9-39AD083BF967}.Release|x64.Build.0 = Release|x64
		{2B009649-9296-4F59-A0D9-39AD083BF967}.Release|x86.ActiveCfg = Release|Win32
		{2B009649-9296-4F59-A0D9-39AD083BF967}.Release|x86.Build.0 = Release|Win32
		{FAA98645-5EFD-4C55-B641-4FFEABC9FB04}.Debug|x64.ActiveCfg = Debug|x64
		{FAA98645-5EFD-4C55-B641-4FFEABC9FB04}.Debug|x64.Build.0 = Debug|x64
		{FAA98645-5EFD-4C55-B641-4FFEABC9FB04}.Debug|x86.ActiveCfg = Debug|Win32
		{FAA98645-5EFD-4C55-B641-4FFEABC9FB04}.Debug|x86.Build.0 = Debug|Win32
		{FAA98645-5EFD-4C55-B641-4FFEABC9FB04}.Release|x64.ActiveCfg = Release|x64
		{FAA98645-5EFD-4C55-B641-4FFEABC9FB04}.Release|x64.Build.0 = Release|x64
		{FAA98645-5EFD-4C55-B641-4FFEABC9FB04}.Release|x86.ActiveCfg = Release|Win32
		{FAA98645-5EFD-4C55-B641-4FFEABC9FB04}.Release|x86.Build.0 = Release|Win32
		{3F15F0B4-46A7-4ABF-BF0E-FFE0F4660FA9}.Debug|x64.ActiveCfg = Debug|x64
		{3F15F0B4-46A7-4ABF-BF0E-FFE0F4660FA9}.Debug|x64.Build.0 = Debug|x64
		{3F15F0B4-46A7-4ABF-BF0E-FFE0F4660FA9}.Debug|x86.ActiveCfg = Debug|Win32
		{3F15F0B4-46A7-4ABF-BF0E-FFE0F4660FA9}.Debug|x86.Build.0 = Debug|Win32
		{3F15F0B4-46A7-4ABF-BF0E-FFE0F4660FA9}.Release|x64.ActiveCfg = Release|x64
		{3F15F0B4-46A7-4ABF-BF0E-FFE0F4660FA9}.Release|x64.Build.0 = Release|x64
		{3F15F0B4-46A7-4ABF-BF0E-FFE0F4660FA9}.Release|x86.ActiveCfg = Release|Win32
		{3F15F0B4-46A7-4ABF-BF0E-FFE0F4660FA9}.Release|x86.Build.0 = Release|Win32
		{36DA78FE-EDB8-473A-BFCE-473D54EB4F7B}.Debug|x64.ActiveCfg = Debug|x64
		{36DA78FE-EDB8-473A-BFCE-473D54EB4F7B}.Debug|x64.Build.0 = Debug|x64
		{36DA78FE-EDB8-473A-BFCE-473D54EB4F7B}.Debug|x86.ActiveCfg = Debug|Win32
		{36DA78FE-EDB8-473A-BFCE-473D54EB4F7B}.Debug|x86.Build.0 = Debug|Win32
		{36DA78FE-EDB8-473A-BFCE-473D54EB4F7B}.Release|x64.ActiveCfg = Release|x64
		{36DA78FE-EDB8-473A-BFCE-473D54EB4F7B}.Release|x64.Build.0 = Release|x64
		{36DA78FE-EDB8-473A-BFCE-473D54EB4F7B}.Release|x86.ActiveCfg = Release|Win32
		{36DA78FE-EDB8-473A-BFCE-473D54EB4F7B}.Release|x86.Build.0 = Release|Win32
		{5C27BC68-2681-45F3-8EF4-732B242DE1B3}.Debug|x64.ActiveCfg = Debug|x64
		{5C27BC68-2681-45F3-8EF4-732B242DE1B3}.Debug|x64.Build.0 = Debug|x64
		{5C27BC68-2681-45F3-8EF4-732B242DE1B3}.Debug|x86.ActiveCfg = Debug|Win32
		{5C27BC68-2681-45F3-8EF4-732B242DE1B3}.Debug|x86.Build.0 = Debug|Win32
		{5C27BC68-2681-45F3-8EF4-732B242DE1B3}.Release|x64.ActiveCfg = Release|x64
		{5C27BC68-2681-45F3-8EF4-732B242DE1B3}.Release|x64.Build.0 = Release|x64
		{5C27BC68-2681-45F3-8EF4-732B242DE1B3}.Release|x86.ActiveCfg = Release|Win32
		{5C27BC68-2681-45F3-8EF4-732B242DE1B3}.Release|x86.Build.0 = Release|Win32
		{D9E069A5-CD76-470C-B743-C44C53CDE403}.Debug|x64.ActiveCfg = Debug|x64
		{D9E069A5-CD76-470C-B743-C44C53CDE403}.Debug|x64.Build.0 = Debug|x64
		{D9E069A5-CD76-470C-B743-C44C53CDE403}.Debug|x86.ActiveCfg = Debug|Win32
		{D9E069A5-CD76-470C-B743-C44C53CDE403}.Debug|x86.Build.0 = Debug|Win32
		{D9E069A5-CD76-470C-B743-C44C53CDE403}.Release|x64.ActiveCfg = Release|x64
		{D9E069A5-CD76-470C-B743-C44C53CDE403}.Release|x64.Build.0 = Release|x64
		{D9E069A5-CD76-470C-B743-C44C53CDE403}.Release|x86.ActiveCfg = Release|Win32
		{D9E069A5-CD76-470C-B743-C44C53CDE403}.Release|x86.Build.0 = Release|Win32
		{0B882504-AB9B-484C-AB49-5C53ADCC644D}.Debug|x64.ActiveCfg = Debug|x64
		{0B882504-AB9B-484C-AB49-5C53ADCC644D}.Debug|x64.Build.0 = Debug|x64
		{0B882504-AB9B-484C-AB49-5C53ADCC644D}.Debug|x86.ActiveCfg = Debug|Win32
		{0B882504-AB9B-484C-AB49-5C53ADCC644D}.Debug|x86.Build.0 = Debug|Win32
		{0B882504-AB9B-484C-AB49-5C53ADCC644D}.Release|x64.ActiveCfg = Release|x64
		{0B882504-AB9B-484C-AB49-5C53ADCC644D}.Release|x64.Build.0 = Release|x64
		{0B882504-AB9B-484C-AB49-5C53ADCC644D}.Release|x86.ActiveCfg = Release|Win32
		{0B882504-AB9B-484C-AB49-5C53ADCC644D}.Release|x86.Build.0 = Release|Win32
	EndGlobalSection
	GlobalSection(SolutionProperties) = preSolution
		HideSolutionNode = FALSE
	EndGlobalSection
	GlobalSection(ExtensibilityGlobals) = postSolution
		SolutionGuid = {ED0F8A8F-FC79-44DB-98A2-29A45C7E26F6}
	EndGlobalSection
EndGlobal
